Microsoft Visual Studio Solution File, Format Version 11.00
# Visual Studio 2008

Project("{BA7E2EA3-EA3F-0C82-9660-90D35E8281C0}") = "2021250625_Assignment3", "Assembly-CSharp.csproj", "{C9480E68-7962-366E-CDAC-1169416EA03B}"
EndProject
Global
	GlobalSection(SolutionConfigurationPlatforms) = preSolution
		Debug|Any CPU = Debug|Any CPU
		Release|Any CPU = Release|Any CPU
	EndGlobalSection
	GlobalSection(ProjectConfigurationPlatforms) = postSolution
		{C9480E68-7962-366E-CDAC-1169416EA03B}.Debug|Any CPU.ActiveCfg = Debug|Any CPU
		{C9480E68-7962-366E-CDAC-1169416EA03B}.Debug|Any CPU.Build.0 = Debug|Any CPU
		{C9480E68-7962-366E-CDAC-1169416EA03B}.Release|Any CPU.ActiveCfg = Release|Any CPU
		{C9480E68-7962-366E-CDAC-1169416EA03B}.Release|Any CPU.Build.0 = Release|Any CPU
	EndGlobalSection
	GlobalSection(SolutionProperties) = preSolution
		HideSolutionNode = FALSE
	EndGlobalSection
	GlobalSection(MonoDevelopProperties) = preSolution
		StartupItem = Assembly-CSharp.csproj
	EndGlobalSection
EndGlobal
